// !$*UTF8*$!
{
	archiveVersion = 1;
	classes = {
	};
	objectVersion = 46;
	objects = {

/* Begin PBXBuildFile section */
		4605EA4F196DEBC100F894A2 /* jumpingAtlasV3.atlas in Resources */ = {isa = PBXBuildFile; fileRef = 4605EA4E196DEBC100F894A2 /* jumpingAtlasV3.atlas */; };
		460BB2761956C3CB00969A85 /* powerUpPicPNG.png in Resources */ = {isa = PBXBuildFile; fileRef = 460BB2751956C3CB00969A85 /* powerUpPicPNG.png */; };
		46168FAE19E0DF5A004FA373 /* TEMP.sks in Resources */ = {isa = PBXBuildFile; fileRef = 46168FAC19E0DF5A004FA373 /* TEMP.sks */; };
		46168FAF19E0DF5A004FA373 /* spark.png in Resources */ = {isa = PBXBuildFile; fileRef = 46168FAD19E0DF5A004FA373 /* spark.png */; };
		461842D21938139100E30A59 /* blood.sks in Resources */ = {isa = PBXBuildFile; fileRef = 461842D01938139100E30A59 /* blood.sks */; };
		461B9A1D192C583B00138B42 /* PBHighScoreObject.m in Sources */ = {isa = PBXBuildFile; fileRef = 461B9A1C192C583B00138B42 /* PBHighScoreObject.m */; };
		46229772192B1F35008743AB /* PBHighScoresScene.m in Sources */ = {isa = PBXBuildFile; fileRef = 46229771192B1F35008743AB /* PBHighScoresScene.m */; };
		4625226419DF4D1D00664138 /* bombFramesSmall.atlas in Resources */ = {isa = PBXBuildFile; fileRef = 4625226319DF4D1D00664138 /* bombFramesSmall.atlas */; };
		463DABD71908973200658921 /* Foundation.framework in Frameworks */ = {isa = PBXBuildFile; fileRef = 463DABD61908973200658921 /* Foundation.framework */; };
		463DABD91908973200658921 /* CoreGraphics.framework in Frameworks */ = {isa = PBXBuildFile; fileRef = 463DABD81908973200658921 /* CoreGraphics.framework */; };
		463DABDB1908973200658921 /* UIKit.framework in Frameworks */ = {isa = PBXBuildFile; fileRef = 463DABDA1908973200658921 /* UIKit.framework */; };
		463DABDD1908973200658921 /* SpriteKit.framework in Frameworks */ = {isa = PBXBuildFile; fileRef = 463DABDC1908973200658921 /* SpriteKit.framework */; };
		463DABE31908973200658921 /* InfoPlist.strings in Resources */ = {isa = PBXBuildFile; fileRef = 463DABE11908973200658921 /* InfoPlist.strings */; };
		463DABE51908973200658921 /* main.m in Sources */ = {isa = PBXBuildFile; fileRef = 463DABE41908973200658921 /* main.m */; };
		463DABE91908973200658921 /* PBAppDelegate.m in Sources */ = {isa = PBXBuildFile; fileRef = 463DABE81908973200658921 /* PBAppDelegate.m */; };
		463DABEC1908973200658921 /* Main.storyboard in Resources */ = {isa = PBXBuildFile; fileRef = 463DABEA1908973200658921 /* Main.storyboard */; };
		463DABEF1908973200658921 /* PBViewController.m in Sources */ = {isa = PBXBuildFile; fileRef = 463DABEE1908973200658921 /* PBViewController.m */; };
		463DABF21908973200658921 /* PBMyScene.m in Sources */ = {isa = PBXBuildFile; fileRef = 463DABF11908973200658921 /* PBMyScene.m */; };
		463DABF61908973200658921 /* Images.xcassets in Resources */ = {isa = PBXBuildFile; fileRef = 463DABF51908973200658921 /* Images.xcassets */; };
		463DABFD1908973200658921 /* XCTest.framework in Frameworks */ = {isa = PBXBuildFile; fileRef = 463DABFC1908973200658921 /* XCTest.framework */; };
		463DABFE1908973200658921 /* Foundation.framework in Frameworks */ = {isa = PBXBuildFile; fileRef = 463DABD61908973200658921 /* Foundation.framework */; };
		463DABFF1908973200658921 /* UIKit.framework in Frameworks */ = {isa = PBXBuildFile; fileRef = 463DABDA1908973200658921 /* UIKit.framework */; };
		463DAC071908973200658921 /* InfoPlist.strings in Resources */ = {isa = PBXBuildFile; fileRef = 463DAC051908973200658921 /* InfoPlist.strings */; };
		463DAC091908973200658921 /* Prison_BustTests.m in Sources */ = {isa = PBXBuildFile; fileRef = 463DAC081908973200658921 /* Prison_BustTests.m */; };
		463DAC141908976400658921 /* PBBackground.m in Sources */ = {isa = PBXBuildFile; fileRef = 463DAC131908976400658921 /* PBBackground.m */; };
		463DAC1819089ED800658921 /* PBPlayer.m in Sources */ = {isa = PBXBuildFile; fileRef = 463DAC1719089ED800658921 /* PBPlayer.m */; };
		463DAC1B1909CF9D00658921 /* Spark.sks in Resources */ = {isa = PBXBuildFile; fileRef = 463DAC191909CF9D00658921 /* Spark.sks */; };
		463DAC1E1909D04E00658921 /* Smoke.sks in Resources */ = {isa = PBXBuildFile; fileRef = 463DAC1D1909D04E00658921 /* Smoke.sks */; };
		463DAC211909EF9B00658921 /* PBEnemy.m in Sources */ = {isa = PBXBuildFile; fileRef = 463DAC201909EF9B00658921 /* PBEnemy.m */; };
		463DAC241909EFAF00658921 /* PBMissle.m in Sources */ = {isa = PBXBuildFile; fileRef = 463DAC231909EFAF00658921 /* PBMissle.m */; };
		463DAC2A1909EFC200658921 /* PBFence.m in Sources */ = {isa = PBXBuildFile; fileRef = 463DAC291909EFC200658921 /* PBFence.m */; };
		463DAC311909F0B200658921 /* PBPowerUp.m in Sources */ = {isa = PBXBuildFile; fileRef = 463DAC301909F0B200658921 /* PBPowerUp.m */; };
		463DAC37190B3CD300658921 /* PBGameOverLayer.m in Sources */ = {isa = PBXBuildFile; fileRef = 463DAC36190B3CD300658921 /* PBGameOverLayer.m */; };
		463DAC39190C2F8A00658921 /* FireEmitterForMissle.sks in Resources */ = {isa = PBXBuildFile; fileRef = 463DAC38190C2F8A00658921 /* FireEmitterForMissle.sks */; };
		46765B92193EC50900EE863F /* fenceB.atlas in Resources */ = {isa = PBXBuildFile; fileRef = 46765B91193EC50900EE863F /* fenceB.atlas */; };
		46765B94193EC55800EE863F /* fenceANew.atlas in Resources */ = {isa = PBXBuildFile; fileRef = 46765B93193EC55800EE863F /* fenceANew.atlas */; };
		468927FD19E5F80800308E42 /* rocket_launcherV04.atlas in Resources */ = {isa = PBXBuildFile; fileRef = 468927FC19E5F80800308E42 /* rocket_launcherV04.atlas */; };
		468927FF19E5F90400308E42 /* bombArtilleryV05.atlas in Resources */ = {isa = PBXBuildFile; fileRef = 468927FE19E5F90400308E42 /* bombArtilleryV05.atlas */; };
		4689292519EB659A00308E42 /* highscores banner.png in Resources */ = {isa = PBXBuildFile; fileRef = 4689292419EB659A00308E42 /* highscores banner.png */; };
		4692FF4D19578C4300EEB115 /* PBBomb.m in Sources */ = {isa = PBXBuildFile; fileRef = 4692FF4C19578C4300EEB115 /* PBBomb.m */; };
		4692FFA11958B11400EEB115 /* runCycleV2.atlas in Resources */ = {isa = PBXBuildFile; fileRef = 4692FFA01958B11400EEB115 /* runCycleV2.atlas */; };
		4692FFA5195A535E00EEB115 /* slidingV2.atlas in Resources */ = {isa = PBXBuildFile; fileRef = 4692FFA4195A535E00EEB115 /* slidingV2.atlas */; };
		4692FFA7195A548D00EEB115 /* runningInvulnerableV2.atlas in Resources */ = {isa = PBXBuildFile; fileRef = 4692FFA6195A548D00EEB115 /* runningInvulnerableV2.atlas */; };
		4698AAE219462068008922C7 /* pitDeathFrames.atlas in Resources */ = {isa = PBXBuildFile; fileRef = 4698AAE119462068008922C7 /* pitDeathFrames.atlas */; };
		469910B519633FF2008C062C /* PBObjectPool.m in Sources */ = {isa = PBXBuildFile; fileRef = 469910B419633FF2008C062C /* PBObjectPool.m */; };
		469ABD6419353DA0008CDEE8 /* smokeForBodyParts.sks in Resources */ = {isa = PBXBuildFile; fileRef = 469ABD6319353DA0008CDEE8 /* smokeForBodyParts.sks */; };
		469ABD681936CE9E008CDEE8 /* powerUp.atlas in Resources */ = {isa = PBXBuildFile; fileRef = 469ABD671936CE9E008CDEE8 /* powerUp.atlas */; };
		469B4585193812CE0063CC6A /* PBSpikePit.m in Sources */ = {isa = PBXBuildFile; fileRef = 469B4584193812CE0063CC6A /* PBSpikePit.m */; };
		46A2686819E0F72400B2EEB7 /* rocketLauncher.atlas in Resources */ = {isa = PBXBuildFile; fileRef = 46A2686719E0F72400B2EEB7 /* rocketLauncher.atlas */; };
		46A2686C19E2177800B2EEB7 /* rocketSpinV02.atlas in Resources */ = {isa = PBXBuildFile; fileRef = 46A2686B19E2177800B2EEB7 /* rocketSpinV02.atlas */; };
		46A2686E19E217D500B2EEB7 /* missileExplosionV02.atlas in Resources */ = {isa = PBXBuildFile; fileRef = 46A2686D19E217D500B2EEB7 /* missileExplosionV02.atlas */; };
		46C62BDB1924037100F5C471 /* FenceDeathAnimation.atlas in Resources */ = {isa = PBXBuildFile; fileRef = 46C62BDA1924037100F5C471 /* FenceDeathAnimation.atlas */; };
		46C70CE819E0B35000D502DF /* SmokeForBombV2.sks in Resources */ = {isa = PBXBuildFile; fileRef = 46C70CE719E0B35000D502DF /* SmokeForBombV2.sks */; };
		46D4D4811912E4E500FCC2D5 /* PBGameStartScene.m in Sources */ = {isa = PBXBuildFile; fileRef = 46D4D4801912E4E500FCC2D5 /* PBGameStartScene.m */; };
		46E5F8D2192531F200AEFC55 /* PBMyScene+PBMyScene_Additions.m in Sources */ = {isa = PBXBuildFile; fileRef = 46E5F8D1192531F200AEFC55 /* PBMyScene+PBMyScene_Additions.m */; };
		46F78F0519CCA8CD00F92181 /* StaticTrimmedAudio.mp3 in Resources */ = {isa = PBXBuildFile; fileRef = 46F78F0419CCA8CD00F92181 /* StaticTrimmedAudio.mp3 */; };
		46F9D1CD1970991C0089D34B /* static_discharge_loop.mp3 in Resources */ = {isa = PBXBuildFile; fileRef = 46F9D1CC1970991C0089D34B /* static_discharge_loop.mp3 */; };
		46F9D1CF19709AD90089D34B /* firework_rocket_launch.mp3 in Resources */ = {isa = PBXBuildFile; fileRef = 46F9D1CE19709AD90089D34B /* firework_rocket_launch.mp3 */; };
		46F9D1D119709D030089D34B /* blood_splat.mp3 in Resources */ = {isa = PBXBuildFile; fileRef = 46F9D1D019709D030089D34B /* blood_splat.mp3 */; };
/* End PBXBuildFile section */

/* Begin PBXContainerItemProxy section */
		463DAC001908973200658921 /* PBXContainerItemProxy */ = {
			isa = PBXContainerItemProxy;
			containerPortal = 463DABCB1908973200658921 /* Project object */;
			proxyType = 1;
			remoteGlobalIDString = 463DABD21908973200658921;
			remoteInfo = "Prison Bust";
		};
/* End PBXContainerItemProxy section */

/* Begin PBXFileReference section */
		4605EA4E196DEBC100F894A2 /* jumpingAtlasV3.atlas */ = {isa = PBXFileReference; lastKnownFileType = folder.skatlas; path = jumpingAtlasV3.atlas; sourceTree = "<group>"; };
		460BB2751956C3CB00969A85 /* powerUpPicPNG.png */ = {isa = PBXFileReference; lastKnownFileType = image.png; path = powerUpPicPNG.png; sourceTree = "<group>"; };
		46168FAC19E0DF5A004FA373 /* TEMP.sks */ = {isa = PBXFileReference; lastKnownFileType = file.sks; name = TEMP.sks; path = ../TEMP.sks; sourceTree = "<group>"; };
		46168FAD19E0DF5A004FA373 /* spark.png */ = {isa = PBXFileReference; lastKnownFileType = image.png; name = spark.png; path = ../spark.png; sourceTree = "<group>"; };
		461842D01938139100E30A59 /* blood.sks */ = {isa = PBXFileReference; lastKnownFileType = file.sks; path = blood.sks; sourceTree = "<group>"; };
		461B9A1B192C583B00138B42 /* PBHighScoreObject.h */ = {isa = PBXFileReference; fileEncoding = 4; lastKnownFileType = sourcecode.c.h; path = PBHighScoreObject.h; sourceTree = "<group>"; };
		461B9A1C192C583B00138B42 /* PBHighScoreObject.m */ = {isa = PBXFileReference; fileEncoding = 4; lastKnownFileType = sourcecode.c.objc; path = PBHighScoreObject.m; sourceTree = "<group>"; };
		46229770192B1F35008743AB /* PBHighScoresScene.h */ = {isa = PBXFileReference; fileEncoding = 4; lastKnownFileType = sourcecode.c.h; path = PBHighScoresScene.h; sourceTree = "<group>"; };
		46229771192B1F35008743AB /* PBHighScoresScene.m */ = {isa = PBXFileReference; fileEncoding = 4; lastKnownFileType = sourcecode.c.objc; path = PBHighScoresScene.m; sourceTree = "<group>"; };
		4625226319DF4D1D00664138 /* bombFramesSmall.atlas */ = {isa = PBXFileReference; lastKnownFileType = folder.skatlas; path = bombFramesSmall.atlas; sourceTree = "<group>"; };
		463DABD31908973200658921 /* Prison Bust.app */ = {isa = PBXFileReference; explicitFileType = wrapper.application; includeInIndex = 0; path = "Prison Bust.app"; sourceTree = BUILT_PRODUCTS_DIR; };
		463DABD61908973200658921 /* Foundation.framework */ = {isa = PBXFileReference; lastKnownFileType = wrapper.framework; name = Foundation.framework; path = System/Library/Frameworks/Foundation.framework; sourceTree = SDKROOT; };
		463DABD81908973200658921 /* CoreGraphics.framework */ = {isa = PBXFileReference; lastKnownFileType = wrapper.framework; name = CoreGraphics.framework; path = System/Library/Frameworks/CoreGraphics.framework; sourceTree = SDKROOT; };
		463DABDA1908973200658921 /* UIKit.framework */ = {isa = PBXFileReference; lastKnownFileType = wrapper.framework; name = UIKit.framework; path = System/Library/Frameworks/UIKit.framework; sourceTree = SDKROOT; };
		463DABDC1908973200658921 /* SpriteKit.framework */ = {isa = PBXFileReference; lastKnownFileType = wrapper.framework; name = SpriteKit.framework; path = System/Library/Frameworks/SpriteKit.framework; sourceTree = SDKROOT; };
		463DABE01908973200658921 /* Prison Bust-Info.plist */ = {isa = PBXFileReference; lastKnownFileType = text.plist.xml; path = "Prison Bust-Info.plist"; sourceTree = "<group>"; };
		463DABE21908973200658921 /* en */ = {isa = PBXFileReference; lastKnownFileType = text.plist.strings; name = en; path = en.lproj/InfoPlist.strings; sourceTree = "<group>"; };
		463DABE41908973200658921 /* main.m */ = {isa = PBXFileReference; lastKnownFileType = sourcecode.c.objc; path = main.m; sourceTree = "<group>"; };
		463DABE61908973200658921 /* Prison Bust-Prefix.pch */ = {isa = PBXFileReference; lastKnownFileType = sourcecode.c.h; path = "Prison Bust-Prefix.pch"; sourceTree = "<group>"; };
		463DABE71908973200658921 /* PBAppDelegate.h */ = {isa = PBXFileReference; lastKnownFileType = sourcecode.c.h; name = PBAppDelegate.h; path = "Prison Bust/PBAppDelegate.h"; sourceTree = "<group>"; };
		463DABE81908973200658921 /* PBAppDelegate.m */ = {isa = PBXFileReference; lastKnownFileType = sourcecode.c.objc; name = PBAppDelegate.m; path = "Prison Bust/PBAppDelegate.m"; sourceTree = "<group>"; };
		463DABEB1908973200658921 /* Base */ = {isa = PBXFileReference; lastKnownFileType = file.storyboard; name = Base; path = Base.lproj/Main.storyboard; sourceTree = "<group>"; };
		463DABED1908973200658921 /* PBViewController.h */ = {isa = PBXFileReference; lastKnownFileType = sourcecode.c.h; name = PBViewController.h; path = "Prison Bust/PBViewController.h"; sourceTree = "<group>"; };
		463DABEE1908973200658921 /* PBViewController.m */ = {isa = PBXFileReference; lastKnownFileType = sourcecode.c.objc; name = PBViewController.m; path = "Prison Bust/PBViewController.m"; sourceTree = "<group>"; };
		463DABF01908973200658921 /* PBMyScene.h */ = {isa = PBXFileReference; lastKnownFileType = sourcecode.c.h; name = PBMyScene.h; path = "Prison Bust/PBMyScene.h"; sourceTree = "<group>"; };
		463DABF11908973200658921 /* PBMyScene.m */ = {isa = PBXFileReference; lastKnownFileType = sourcecode.c.objc; name = PBMyScene.m; path = "Prison Bust/PBMyScene.m"; sourceTree = "<group>"; };
		463DABF51908973200658921 /* Images.xcassets */ = {isa = PBXFileReference; lastKnownFileType = folder.assetcatalog; path = Images.xcassets; sourceTree = "<group>"; };
		463DABFB1908973200658921 /* Prison BustTests.xctest */ = {isa = PBXFileReference; explicitFileType = wrapper.cfbundle; includeInIndex = 0; path = "Prison BustTests.xctest"; sourceTree = BUILT_PRODUCTS_DIR; };
		463DABFC1908973200658921 /* XCTest.framework */ = {isa = PBXFileReference; lastKnownFileType = wrapper.framework; name = XCTest.framework; path = Library/Frameworks/XCTest.framework; sourceTree = DEVELOPER_DIR; };
		463DAC041908973200658921 /* Prison BustTests-Info.plist */ = {isa = PBXFileReference; lastKnownFileType = text.plist.xml; path = "Prison BustTests-Info.plist"; sourceTree = "<group>"; };
		463DAC061908973200658921 /* en */ = {isa = PBXFileReference; lastKnownFileType = text.plist.strings; name = en; path = en.lproj/InfoPlist.strings; sourceTree = "<group>"; };
		463DAC081908973200658921 /* Prison_BustTests.m */ = {isa = PBXFileReference; lastKnownFileType = sourcecode.c.objc; path = Prison_BustTests.m; sourceTree = "<group>"; };
		463DAC121908976400658921 /* PBBackground.h */ = {isa = PBXFileReference; fileEncoding = 4; lastKnownFileType = sourcecode.c.h; path = PBBackground.h; sourceTree = "<group>"; };
		463DAC131908976400658921 /* PBBackground.m */ = {isa = PBXFileReference; fileEncoding = 4; lastKnownFileType = sourcecode.c.objc; path = PBBackground.m; sourceTree = "<group>"; };
		463DAC151908985200658921 /* Common.h */ = {isa = PBXFileReference; lastKnownFileType = sourcecode.c.h; path = Common.h; sourceTree = "<group>"; };
		463DAC1619089ED800658921 /* PBPlayer.h */ = {isa = PBXFileReference; fileEncoding = 4; lastKnownFileType = sourcecode.c.h; path = PBPlayer.h; sourceTree = "<group>"; };
		463DAC1719089ED800658921 /* PBPlayer.m */ = {isa = PBXFileReference; fileEncoding = 4; lastKnownFileType = sourcecode.c.objc; path = PBPlayer.m; sourceTree = "<group>"; };
		463DAC191909CF9D00658921 /* Spark.sks */ = {isa = PBXFileReference; lastKnownFileType = file.sks; path = Spark.sks; sourceTree = "<group>"; };
		463DAC1D1909D04E00658921 /* Smoke.sks */ = {isa = PBXFileReference; lastKnownFileType = file.sks; path = Smoke.sks; sourceTree = "<group>"; };
		463DAC1F1909EF9B00658921 /* PBEnemy.h */ = {isa = PBXFileReference; fileEncoding = 4; lastKnownFileType = sourcecode.c.h; path = PBEnemy.h; sourceTree = "<group>"; };
		463DAC201909EF9B00658921 /* PBEnemy.m */ = {isa = PBXFileReference; fileEncoding = 4; lastKnownFileType = sourcecode.c.objc; path = PBEnemy.m; sourceTree = "<group>"; };
		463DAC221909EFAF00658921 /* PBMissle.h */ = {isa = PBXFileReference; fileEncoding = 4; lastKnownFileType = sourcecode.c.h; path = PBMissle.h; sourceTree = "<group>"; };
		463DAC231909EFAF00658921 /* PBMissle.m */ = {isa = PBXFileReference; fileEncoding = 4; lastKnownFileType = sourcecode.c.objc; path = PBMissle.m; sourceTree = "<group>"; };
		463DAC281909EFC200658921 /* PBFence.h */ = {isa = PBXFileReference; fileEncoding = 4; lastKnownFileType = sourcecode.c.h; path = PBFence.h; sourceTree = "<group>"; };
		463DAC291909EFC200658921 /* PBFence.m */ = {isa = PBXFileReference; fileEncoding = 4; lastKnownFileType = sourcecode.c.objc; path = PBFence.m; sourceTree = "<group>"; };
		463DAC2F1909F0B200658921 /* PBPowerUp.h */ = {isa = PBXFileReference; fileEncoding = 4; lastKnownFileType = sourcecode.c.h; path = PBPowerUp.h; sourceTree = "<group>"; };
		463DAC301909F0B200658921 /* PBPowerUp.m */ = {isa = PBXFileReference; fileEncoding = 4; lastKnownFileType = sourcecode.c.objc; path = PBPowerUp.m; sourceTree = "<group>"; };
		463DAC35190B3CD300658921 /* PBGameOverLayer.h */ = {isa = PBXFileReference; fileEncoding = 4; lastKnownFileType = sourcecode.c.h; name = PBGameOverLayer.h; path = "Prison Bust/PBGameOverLayer.h"; sourceTree = "<group>"; };
		463DAC36190B3CD300658921 /* PBGameOverLayer.m */ = {isa = PBXFileReference; fileEncoding = 4; lastKnownFileType = sourcecode.c.objc; name = PBGameOverLayer.m; path = "Prison Bust/PBGameOverLayer.m"; sourceTree = "<group>"; };
		463DAC38190C2F8A00658921 /* FireEmitterForMissle.sks */ = {isa = PBXFileReference; lastKnownFileType = file.sks; path = FireEmitterForMissle.sks; sourceTree = "<group>"; };
		46765B91193EC50900EE863F /* fenceB.atlas */ = {isa = PBXFileReference; lastKnownFileType = folder.skatlas; path = fenceB.atlas; sourceTree = "<group>"; };
		46765B93193EC55800EE863F /* fenceANew.atlas */ = {isa = PBXFileReference; lastKnownFileType = folder.skatlas; path = fenceANew.atlas; sourceTree = "<group>"; };
		468927FC19E5F80800308E42 /* rocket_launcherV04.atlas */ = {isa = PBXFileReference; lastKnownFileType = folder.skatlas; path = rocket_launcherV04.atlas; sourceTree = "<group>"; };
		468927FE19E5F90400308E42 /* bombArtilleryV05.atlas */ = {isa = PBXFileReference; lastKnownFileType = folder.skatlas; path = bombArtilleryV05.atlas; sourceTree = "<group>"; };
		4689292419EB659A00308E42 /* highscores banner.png */ = {isa = PBXFileReference; lastKnownFileType = image.png; path = "highscores banner.png"; sourceTree = "<group>"; };
		4692FF4B19578C4300EEB115 /* PBBomb.h */ = {isa = PBXFileReference; fileEncoding = 4; lastKnownFileType = sourcecode.c.h; path = PBBomb.h; sourceTree = "<group>"; };
		4692FF4C19578C4300EEB115 /* PBBomb.m */ = {isa = PBXFileReference; fileEncoding = 4; lastKnownFileType = sourcecode.c.objc; path = PBBomb.m; sourceTree = "<group>"; };
		4692FFA01958B11400EEB115 /* runCycleV2.atlas */ = {isa = PBXFileReference; lastKnownFileType = folder.skatlas; path = runCycleV2.atlas; sourceTree = "<group>"; };
		4692FFA4195A535E00EEB115 /* slidingV2.atlas */ = {isa = PBXFileReference; lastKnownFileType = folder.skatlas; path = slidingV2.atlas; sourceTree = "<group>"; };
		4692FFA6195A548D00EEB115 /* runningInvulnerableV2.atlas */ = {isa = PBXFileReference; lastKnownFileType = folder.skatlas; path = runningInvulnerableV2.atlas; sourceTree = "<group>"; };
		4698AAE119462068008922C7 /* pitDeathFrames.atlas */ = {isa = PBXFileReference; lastKnownFileType = folder.skatlas; path = pitDeathFrames.atlas; sourceTree = "<group>"; };
		469910B319633FF2008C062C /* PBObjectPool.h */ = {isa = PBXFileReference; fileEncoding = 4; lastKnownFileType = sourcecode.c.h; path = PBObjectPool.h; sourceTree = "<group>"; };
		469910B419633FF2008C062C /* PBObjectPool.m */ = {isa = PBXFileReference; fileEncoding = 4; lastKnownFileType = sourcecode.c.objc; path = PBObjectPool.m; sourceTree = "<group>"; };
		469ABD6319353DA0008CDEE8 /* smokeForBodyParts.sks */ = {isa = PBXFileReference; lastKnownFileType = file.sks; path = smokeForBodyParts.sks; sourceTree = "<group>"; };
		469ABD671936CE9E008CDEE8 /* powerUp.atlas */ = {isa = PBXFileReference; lastKnownFileType = folder.skatlas; path = powerUp.atlas; sourceTree = "<group>"; };
		469B4583193812CE0063CC6A /* PBSpikePit.h */ = {isa = PBXFileReference; fileEncoding = 4; lastKnownFileType = sourcecode.c.h; path = PBSpikePit.h; sourceTree = "<group>"; };
		469B4584193812CE0063CC6A /* PBSpikePit.m */ = {isa = PBXFileReference; fileEncoding = 4; lastKnownFileType = sourcecode.c.objc; path = PBSpikePit.m; sourceTree = "<group>"; };
		46A2686719E0F72400B2EEB7 /* rocketLauncher.atlas */ = {isa = PBXFileReference; lastKnownFileType = folder.skatlas; path = rocketLauncher.atlas; sourceTree = "<group>"; };
		46A2686B19E2177800B2EEB7 /* rocketSpinV02.atlas */ = {isa = PBXFileReference; lastKnownFileType = folder.skatlas; path = rocketSpinV02.atlas; sourceTree = "<group>"; };
		46A2686D19E217D500B2EEB7 /* missileExplosionV02.atlas */ = {isa = PBXFileReference; lastKnownFileType = folder.skatlas; path = missileExplosionV02.atlas; sourceTree = "<group>"; };
		46C62BDA1924037100F5C471 /* FenceDeathAnimation.atlas */ = {isa = PBXFileReference; lastKnownFileType = folder.skatlas; path = FenceDeathAnimation.atlas; sourceTree = "<group>"; };
		46C70CE719E0B35000D502DF /* SmokeForBombV2.sks */ = {isa = PBXFileReference; lastKnownFileType = file.sks; path = SmokeForBombV2.sks; sourceTree = "<group>"; };
		46D4D47F1912E4E500FCC2D5 /* PBGameStartScene.h */ = {isa = PBXFileReference; fileEncoding = 4; lastKnownFileType = sourcecode.c.h; name = PBGameStartScene.h; path = "Prison Bust/PBGameStartScene.h"; sourceTree = "<group>"; };
		46D4D4801912E4E500FCC2D5 /* PBGameStartScene.m */ = {isa = PBXFileReference; fileEncoding = 4; lastKnownFileType = sourcecode.c.objc; name = PBGameStartScene.m; path = "Prison Bust/PBGameStartScene.m"; sourceTree = "<group>"; };
		46E5F8D0192531F200AEFC55 /* PBMyScene+PBMyScene_Additions.h */ = {isa = PBXFileReference; fileEncoding = 4; lastKnownFileType = sourcecode.c.h; path = "PBMyScene+PBMyScene_Additions.h"; sourceTree = "<group>"; };
		46E5F8D1192531F200AEFC55 /* PBMyScene+PBMyScene_Additions.m */ = {isa = PBXFileReference; fileEncoding = 4; lastKnownFileType = sourcecode.c.objc; path = "PBMyScene+PBMyScene_Additions.m"; sourceTree = "<group>"; };
		46F78F0419CCA8CD00F92181 /* StaticTrimmedAudio.mp3 */ = {isa = PBXFileReference; lastKnownFileType = audio.mp3; path = StaticTrimmedAudio.mp3; sourceTree = "<group>"; };
		46F9D1CC1970991C0089D34B /* static_discharge_loop.mp3 */ = {isa = PBXFileReference; lastKnownFileType = audio.mp3; path = static_discharge_loop.mp3; sourceTree = "<group>"; };
		46F9D1CE19709AD90089D34B /* firework_rocket_launch.mp3 */ = {isa = PBXFileReference; lastKnownFileType = audio.mp3; path = firework_rocket_launch.mp3; sourceTree = "<group>"; };
		46F9D1D019709D030089D34B /* blood_splat.mp3 */ = {isa = PBXFileReference; lastKnownFileType = audio.mp3; path = blood_splat.mp3; sourceTree = "<group>"; };
/* End PBXFileReference section */

/* Begin PBXFrameworksBuildPhase section */
		463DABD01908973200658921 /* Frameworks */ = {
			isa = PBXFrameworksBuildPhase;
			buildActionMask = 2147483647;
			files = (
				463DABD91908973200658921 /* CoreGraphics.framework in Frameworks */,
				463DABDB1908973200658921 /* UIKit.framework in Frameworks */,
				463DABDD1908973200658921 /* SpriteKit.framework in Frameworks */,
				463DABD71908973200658921 /* Foundation.framework in Frameworks */,
			);
			runOnlyForDeploymentPostprocessing = 0;
		};
		463DABF81908973200658921 /* Frameworks */ = {
			isa = PBXFrameworksBuildPhase;
			buildActionMask = 2147483647;
			files = (
				463DABFD1908973200658921 /* XCTest.framework in Frameworks */,
				463DABFF1908973200658921 /* UIKit.framework in Frameworks */,
				463DABFE1908973200658921 /* Foundation.framework in Frameworks */,
			);
			runOnlyForDeploymentPostprocessing = 0;
		};
/* End PBXFrameworksBuildPhase section */

/* Begin PBXGroup section */
		463DABCA1908973200658921 = {
			isa = PBXGroup;
			children = (
				461842D01938139100E30A59 /* blood.sks */,
				46D4D4831912E72C00FCC2D5 /* Delegate and Controller */,
				463DABDE1908973200658921 /* Prison Bust */,
				463DAC021908973200658921 /* Prison BustTests */,
				463DABD51908973200658921 /* Frameworks */,
				463DABD41908973200658921 /* Products */,
			);
			sourceTree = "<group>";
		};
		463DABD41908973200658921 /* Products */ = {
			isa = PBXGroup;
			children = (
				463DABD31908973200658921 /* Prison Bust.app */,
				463DABFB1908973200658921 /* Prison BustTests.xctest */,
			);
			name = Products;
			sourceTree = "<group>";
		};
		463DABD51908973200658921 /* Frameworks */ = {
			isa = PBXGroup;
			children = (
				463DABD61908973200658921 /* Foundation.framework */,
				463DABD81908973200658921 /* CoreGraphics.framework */,
				463DABDA1908973200658921 /* UIKit.framework */,
				463DABDC1908973200658921 /* SpriteKit.framework */,
				463DABFC1908973200658921 /* XCTest.framework */,
			);
			name = Frameworks;
			sourceTree = "<group>";
		};
		463DABDE1908973200658921 /* Prison Bust */ = {
			isa = PBXGroup;
			children = (
				463DAC151908985200658921 /* Common.h */,
				469910B319633FF2008C062C /* PBObjectPool.h */,
				469910B419633FF2008C062C /* PBObjectPool.m */,
				461B9A1B192C583B00138B42 /* PBHighScoreObject.h */,
				461B9A1C192C583B00138B42 /* PBHighScoreObject.m */,
				463DAC121908976400658921 /* PBBackground.h */,
				463DAC131908976400658921 /* PBBackground.m */,
				463DAC1619089ED800658921 /* PBPlayer.h */,
				463DAC1719089ED800658921 /* PBPlayer.m */,
				463DAC2F1909F0B200658921 /* PBPowerUp.h */,
				463DAC301909F0B200658921 /* PBPowerUp.m */,
				463DAC38190C2F8A00658921 /* FireEmitterForMissle.sks */,
				463DAC191909CF9D00658921 /* Spark.sks */,
				463DAC1D1909D04E00658921 /* Smoke.sks */,
				469ABD6319353DA0008CDEE8 /* smokeForBodyParts.sks */,
				46168FAC19E0DF5A004FA373 /* TEMP.sks */,
				46168FAD19E0DF5A004FA373 /* spark.png */,
				460BB2751956C3CB00969A85 /* powerUpPicPNG.png */,
				463DABF51908973200658921 /* Images.xcassets */,
				4689292419EB659A00308E42 /* highscores banner.png */,
				46F9D1CB1970980A0089D34B /* sounds */,
				46D4D4821912E6EF00FCC2D5 /* Scenes */,
				466E8A0E1911BC1E0058B397 /* images */,
				463DAC2E1909EFD500658921 /* Enemy Nodes */,
				463DABDF1908973200658921 /* Supporting Files */,
			);
			path = "Prison Bust";
			sourceTree = "<group>";
		};
		463DABDF1908973200658921 /* Supporting Files */ = {
			isa = PBXGroup;
			children = (
				463DABE01908973200658921 /* Prison Bust-Info.plist */,
				463DABE11908973200658921 /* InfoPlist.strings */,
				463DABE41908973200658921 /* main.m */,
				463DABE61908973200658921 /* Prison Bust-Prefix.pch */,
			);
			name = "Supporting Files";
			sourceTree = "<group>";
		};
		463DAC021908973200658921 /* Prison BustTests */ = {
			isa = PBXGroup;
			children = (
				463DAC081908973200658921 /* Prison_BustTests.m */,
				463DAC031908973200658921 /* Supporting Files */,
			);
			path = "Prison BustTests";
			sourceTree = "<group>";
		};
		463DAC031908973200658921 /* Supporting Files */ = {
			isa = PBXGroup;
			children = (
				463DAC041908973200658921 /* Prison BustTests-Info.plist */,
				463DAC051908973200658921 /* InfoPlist.strings */,
			);
			name = "Supporting Files";
			sourceTree = "<group>";
		};
		463DAC2E1909EFD500658921 /* Enemy Nodes */ = {
			isa = PBXGroup;
			children = (
				463DAC1F1909EF9B00658921 /* PBEnemy.h */,
				463DAC201909EF9B00658921 /* PBEnemy.m */,
				469B4583193812CE0063CC6A /* PBSpikePit.h */,
				469B4584193812CE0063CC6A /* PBSpikePit.m */,
				463DAC221909EFAF00658921 /* PBMissle.h */,
				463DAC231909EFAF00658921 /* PBMissle.m */,
				463DAC281909EFC200658921 /* PBFence.h */,
				463DAC291909EFC200658921 /* PBFence.m */,
				4692FF4B19578C4300EEB115 /* PBBomb.h */,
				4692FF4C19578C4300EEB115 /* PBBomb.m */,
				46C70CE719E0B35000D502DF /* SmokeForBombV2.sks */,
			);
			name = "Enemy Nodes";
			sourceTree = "<group>";
		};
		466E8A0E1911BC1E0058B397 /* images */ = {
			isa = PBXGroup;
			children = (
				468927FE19E5F90400308E42 /* bombArtilleryV05.atlas */,
				468927FC19E5F80800308E42 /* rocket_launcherV04.atlas */,
				46A2686D19E217D500B2EEB7 /* missileExplosionV02.atlas */,
				46A2686B19E2177800B2EEB7 /* rocketSpinV02.atlas */,
				46A2686719E0F72400B2EEB7 /* rocketLauncher.atlas */,
				4625226319DF4D1D00664138 /* bombFramesSmall.atlas */,
				4605EA4E196DEBC100F894A2 /* jumpingAtlasV3.atlas */,
				4692FFA6195A548D00EEB115 /* runningInvulnerableV2.atlas */,
				4692FFA4195A535E00EEB115 /* slidingV2.atlas */,
				4692FFA01958B11400EEB115 /* runCycleV2.atlas */,
				4698AAE119462068008922C7 /* pitDeathFrames.atlas */,
				46765B93193EC55800EE863F /* fenceANew.atlas */,
				46765B91193EC50900EE863F /* fenceB.atlas */,
				469ABD671936CE9E008CDEE8 /* powerUp.atlas */,
				46C62BDA1924037100F5C471 /* FenceDeathAnimation.atlas */,
			);
			name = images;
			sourceTree = "<group>";
		};
		46D4D4821912E6EF00FCC2D5 /* Scenes */ = {
			isa = PBXGroup;
			children = (
				463DABF01908973200658921 /* PBMyScene.h */,
				463DABF11908973200658921 /* PBMyScene.m */,
				46E5F8D0192531F200AEFC55 /* PBMyScene+PBMyScene_Additions.h */,
				46E5F8D1192531F200AEFC55 /* PBMyScene+PBMyScene_Additions.m */,
				463DAC35190B3CD300658921 /* PBGameOverLayer.h */,
				463DAC36190B3CD300658921 /* PBGameOverLayer.m */,
				46D4D47F1912E4E500FCC2D5 /* PBGameStartScene.h */,
				46D4D4801912E4E500FCC2D5 /* PBGameStartScene.m */,
				46229770192B1F35008743AB /* PBHighScoresScene.h */,
				46229771192B1F35008743AB /* PBHighScoresScene.m */,
			);
			name = Scenes;
			path = ..;
			sourceTree = "<group>";
		};
		46D4D4831912E72C00FCC2D5 /* Delegate and Controller */ = {
			isa = PBXGroup;
			children = (
				463DABEA1908973200658921 /* Main.storyboard */,
				463DABE71908973200658921 /* PBAppDelegate.h */,
				463DABE81908973200658921 /* PBAppDelegate.m */,
				463DABED1908973200658921 /* PBViewController.h */,
				463DABEE1908973200658921 /* PBViewController.m */,
			);
			name = "Delegate and Controller";
			sourceTree = "<group>";
		};
		46F9D1CB1970980A0089D34B /* sounds */ = {
			isa = PBXGroup;
			children = (
				46F9D1CC1970991C0089D34B /* static_discharge_loop.mp3 */,
				46F78F0419CCA8CD00F92181 /* StaticTrimmedAudio.mp3 */,
				46F9D1CE19709AD90089D34B /* firework_rocket_launch.mp3 */,
				46F9D1D019709D030089D34B /* blood_splat.mp3 */,
			);
			name = sounds;
			path = ..;
			sourceTree = "<group>";
		};
/* End PBXGroup section */

/* Begin PBXNativeTarget section */
		463DABD21908973200658921 /* Prison Bust */ = {
			isa = PBXNativeTarget;
			buildConfigurationList = 463DAC0C1908973200658921 /* Build configuration list for PBXNativeTarget "Prison Bust" */;
			buildPhases = (
				463DABCF1908973200658921 /* Sources */,
				463DABD01908973200658921 /* Frameworks */,
				463DABD11908973200658921 /* Resources */,
			);
			buildRules = (
			);
			dependencies = (
			);
			name = "Prison Bust";
			productName = "Prison Bust";
			productReference = 463DABD31908973200658921 /* Prison Bust.app */;
			productType = "com.apple.product-type.application";
		};
		463DABFA1908973200658921 /* Prison BustTests */ = {
			isa = PBXNativeTarget;
			buildConfigurationList = 463DAC0F1908973200658921 /* Build configuration list for PBXNativeTarget "Prison BustTests" */;
			buildPhases = (
				463DABF71908973200658921 /* Sources */,
				463DABF81908973200658921 /* Frameworks */,
				463DABF91908973200658921 /* Resources */,
			);
			buildRules = (
			);
			dependencies = (
				463DAC011908973200658921 /* PBXTargetDependency */,
			);
			name = "Prison BustTests";
			productName = "Prison BustTests";
			productReference = 463DABFB1908973200658921 /* Prison BustTests.xctest */;
			productType = "com.apple.product-type.bundle.unit-test";
		};
/* End PBXNativeTarget section */

/* Begin PBXProject section */
		463DABCB1908973200658921 /* Project object */ = {
			isa = PBXProject;
			attributes = {
				CLASSPREFIX = PB;
				LastUpgradeCheck = 0820;
				ORGANIZATIONNAME = "Ben Gabay";
				TargetAttributes = {
					463DABD21908973200658921 = {
						DevelopmentTeam = JQNK74493B;
					};
					463DABFA1908973200658921 = {
						TestTargetID = 463DABD21908973200658921;
					};
				};
			};
			buildConfigurationList = 463DABCE1908973200658921 /* Build configuration list for PBXProject "Prison Bust" */;
			compatibilityVersion = "Xcode 3.2";
			developmentRegion = English;
			hasScannedForEncodings = 0;
			knownRegions = (
				en,
				Base,
			);
			mainGroup = 463DABCA1908973200658921;
			productRefGroup = 463DABD41908973200658921 /* Products */;
			projectDirPath = "";
			projectRoot = "";
			targets = (
				463DABD21908973200658921 /* Prison Bust */,
				463DABFA1908973200658921 /* Prison BustTests */,
			);
		};
/* End PBXProject section */

/* Begin PBXResourcesBuildPhase section */
		463DABD11908973200658921 /* Resources */ = {
			isa = PBXResourcesBuildPhase;
			buildActionMask = 2147483647;
			files = (
				46F78F0519CCA8CD00F92181 /* StaticTrimmedAudio.mp3 in Resources */,
				468927FD19E5F80800308E42 /* rocket_launcherV04.atlas in Resources */,
				4698AAE219462068008922C7 /* pitDeathFrames.atlas in Resources */,
				46A2686819E0F72400B2EEB7 /* rocketLauncher.atlas in Resources */,
				460BB2761956C3CB00969A85 /* powerUpPicPNG.png in Resources */,
				46765B94193EC55800EE863F /* fenceANew.atlas in Resources */,
				46C62BDB1924037100F5C471 /* FenceDeathAnimation.atlas in Resources */,
				4692FFA11958B11400EEB115 /* runCycleV2.atlas in Resources */,
				463DABE31908973200658921 /* InfoPlist.strings in Resources */,
				4692FFA5195A535E00EEB115 /* slidingV2.atlas in Resources */,
				46F9D1CF19709AD90089D34B /* firework_rocket_launch.mp3 in Resources */,
				468927FF19E5F90400308E42 /* bombArtilleryV05.atlas in Resources */,
				463DAC1B1909CF9D00658921 /* Spark.sks in Resources */,
				4689292519EB659A00308E42 /* highscores banner.png in Resources */,
				4625226419DF4D1D00664138 /* bombFramesSmall.atlas in Resources */,
				463DABF61908973200658921 /* Images.xcassets in Resources */,
				463DABEC1908973200658921 /* Main.storyboard in Resources */,
				463DAC1E1909D04E00658921 /* Smoke.sks in Resources */,
				4692FFA7195A548D00EEB115 /* runningInvulnerableV2.atlas in Resources */,
				46F9D1CD1970991C0089D34B /* static_discharge_loop.mp3 in Resources */,
				463DAC39190C2F8A00658921 /* FireEmitterForMissle.sks in Resources */,
				46A2686C19E2177800B2EEB7 /* rocketSpinV02.atlas in Resources */,
				46168FAE19E0DF5A004FA373 /* TEMP.sks in Resources */,
				46F9D1D119709D030089D34B /* blood_splat.mp3 in Resources */,
				469ABD6419353DA0008CDEE8 /* smokeForBodyParts.sks in Resources */,
				46A2686E19E217D500B2EEB7 /* missileExplosionV02.atlas in Resources */,
				4605EA4F196DEBC100F894A2 /* jumpingAtlasV3.atlas in Resources */,
				469ABD681936CE9E008CDEE8 /* powerUp.atlas in Resources */,
				46C70CE819E0B35000D502DF /* SmokeForBombV2.sks in Resources */,
				46765B92193EC50900EE863F /* fenceB.atlas in Resources */,
				46168FAF19E0DF5A004FA373 /* spark.png in Resources */,
				461842D21938139100E30A59 /* blood.sks in Resources */,
			);
			runOnlyForDeploymentPostprocessing = 0;
		};
		463DABF91908973200658921 /* Resources */ = {
			isa = PBXResourcesBuildPhase;
			buildActionMask = 2147483647;
			files = (
				463DAC071908973200658921 /* InfoPlist.strings in Resources */,
			);
			runOnlyForDeploymentPostprocessing = 0;
		};
/* End PBXResourcesBuildPhase section */

/* Begin PBXSourcesBuildPhase section */
		463DABCF1908973200658921 /* Sources */ = {
			isa = PBXSourcesBuildPhase;
			buildActionMask = 2147483647;
			files = (
				463DAC211909EF9B00658921 /* PBEnemy.m in Sources */,
				463DAC2A1909EFC200658921 /* PBFence.m in Sources */,
				463DAC311909F0B200658921 /* PBPowerUp.m in Sources */,
				463DAC1819089ED800658921 /* PBPlayer.m in Sources */,
				46D4D4811912E4E500FCC2D5 /* PBGameStartScene.m in Sources */,
				463DABF21908973200658921 /* PBMyScene.m in Sources */,
				463DABE91908973200658921 /* PBAppDelegate.m in Sources */,
				4692FF4D19578C4300EEB115 /* PBBomb.m in Sources */,
				463DAC241909EFAF00658921 /* PBMissle.m in Sources */,
				469B4585193812CE0063CC6A /* PBSpikePit.m in Sources */,
				463DAC37190B3CD300658921 /* PBGameOverLayer.m in Sources */,
				46229772192B1F35008743AB /* PBHighScoresScene.m in Sources */,
				463DABEF1908973200658921 /* PBViewController.m in Sources */,
				463DABE51908973200658921 /* main.m in Sources */,
				463DAC141908976400658921 /* PBBackground.m in Sources */,
				461B9A1D192C583B00138B42 /* PBHighScoreObject.m in Sources */,
				469910B519633FF2008C062C /* PBObjectPool.m in Sources */,
				46E5F8D2192531F200AEFC55 /* PBMyScene+PBMyScene_Additions.m in Sources */,
			);
			runOnlyForDeploymentPostprocessing = 0;
		};
		463DABF71908973200658921 /* Sources */ = {
			isa = PBXSourcesBuildPhase;
			buildActionMask = 2147483647;
			files = (
				463DAC091908973200658921 /* Prison_BustTests.m in Sources */,
			);
			runOnlyForDeploymentPostprocessing = 0;
		};
/* End PBXSourcesBuildPhase section */

/* Begin PBXTargetDependency section */
		463DAC011908973200658921 /* PBXTargetDependency */ = {
			isa = PBXTargetDependency;
			target = 463DABD21908973200658921 /* Prison Bust */;
			targetProxy = 463DAC001908973200658921 /* PBXContainerItemProxy */;
		};
/* End PBXTargetDependency section */

/* Begin PBXVariantGroup section */
		463DABE11908973200658921 /* InfoPlist.strings */ = {
			isa = PBXVariantGroup;
			children = (
				463DABE21908973200658921 /* en */,
			);
			name = InfoPlist.strings;
			sourceTree = "<group>";
		};
		463DABEA1908973200658921 /* Main.storyboard */ = {
			isa = PBXVariantGroup;
			children = (
				463DABEB1908973200658921 /* Base */,
			);
			name = Main.storyboard;
			path = "Prison Bust";
			sourceTree = "<group>";
		};
		463DAC051908973200658921 /* InfoPlist.strings */ = {
			isa = PBXVariantGroup;
			children = (
				463DAC061908973200658921 /* en */,
			);
			name = InfoPlist.strings;
			sourceTree = "<group>";
		};
/* End PBXVariantGroup section */

/* Begin XCBuildConfiguration section */
		460BB27219515DC900969A85 /* Ad Hoc */ = {
			isa = XCBuildConfiguration;
			buildSettings = {
				ALWAYS_SEARCH_USER_PATHS = NO;
				CLANG_CXX_LANGUAGE_STANDARD = "gnu++0x";
				CLANG_CXX_LIBRARY = "libc++";
				CLANG_ENABLE_MODULES = YES;
				CLANG_ENABLE_OBJC_ARC = YES;
				CLANG_WARN_BOOL_CONVERSION = YES;
				CLANG_WARN_CONSTANT_CONVERSION = YES;
				CLANG_WARN_DIRECT_OBJC_ISA_USAGE = YES_ERROR;
				CLANG_WARN_EMPTY_BODY = YES;
				CLANG_WARN_ENUM_CONVERSION = YES;
				CLANG_WARN_INFINITE_RECURSION = YES;
				CLANG_WARN_INT_CONVERSION = YES;
				CLANG_WARN_OBJC_ROOT_CLASS = YES_ERROR;
				CLANG_WARN_SUSPICIOUS_MOVE = YES;
				CLANG_WARN_UNREACHABLE_CODE = YES;
				CLANG_WARN__DUPLICATE_METHOD_MATCH = YES;
				"CODE_SIGN_IDENTITY[sdk=iphoneos*]" = "iPhone Developer";
				COPY_PHASE_STRIP = YES;
				ENABLE_NS_ASSERTIONS = NO;
				ENABLE_STRICT_OBJC_MSGSEND = YES;
				GCC_C_LANGUAGE_STANDARD = gnu99;
				GCC_NO_COMMON_BLOCKS = YES;
				GCC_WARN_64_TO_32_BIT_CONVERSION = YES;
				GCC_WARN_ABOUT_RETURN_TYPE = YES_ERROR;
				GCC_WARN_UNDECLARED_SELECTOR = YES;
				GCC_WARN_UNINITIALIZED_AUTOS = YES;
				GCC_WARN_UNUSED_FUNCTION = YES;
				GCC_WARN_UNUSED_VARIABLE = YES;
				IPHONEOS_DEPLOYMENT_TARGET = 8.0;
				SDKROOT = iphoneos;
				SPRITEKIT_TEXTURE_ATLAS_SIZE = 2048x2048;
				VALIDATE_PRODUCT = YES;
			};
			name = "Ad Hoc";
		};
		460BB27319515DC900969A85 /* Ad Hoc */ = {
			isa = XCBuildConfiguration;
			buildSettings = {
				ASSETCATALOG_COMPILER_APPICON_NAME = AppIcon;
				ASSETCATALOG_COMPILER_LAUNCHIMAGE_NAME = LaunchImage;
				CODE_SIGN_IDENTITY = "iPhone Developer";
				"CODE_SIGN_IDENTITY[sdk=iphoneos*]" = "iPhone Developer";
				DEVELOPMENT_TEAM = JQNK74493B;
				GCC_PRECOMPILE_PREFIX_HEADER = YES;
				GCC_PREFIX_HEADER = "Prison Bust/Prison Bust-Prefix.pch";
				INFOPLIST_FILE = "Prison Bust/Prison Bust-Info.plist";
				IPHONEOS_DEPLOYMENT_TARGET = 8.0;
				PRODUCT_BUNDLE_IDENTIFIER = com.twokingstudio.antfrenzy;
				PRODUCT_NAME = "$(TARGET_NAME)";
				PROVISIONING_PROFILE = "";
				SPRITEKIT_TEXTURE_ATLAS_FORMAT = RGBA4444_COMPRESSED;
				SPRITEKIT_TEXTURE_ATLAS_OUTPUT = YES;
				SPRITEKIT_TEXTURE_ATLAS_SIZE = 2048x2048;
				WRAPPER_EXTENSION = app;
			};
			name = "Ad Hoc";
		};
		460BB27419515DC900969A85 /* Ad Hoc */ = {
			isa = XCBuildConfiguration;
			buildSettings = {
				BUNDLE_LOADER = "$(BUILT_PRODUCTS_DIR)/Prison Bust.app/Prison Bust";
				FRAMEWORK_SEARCH_PATHS = (
					"$(SDKROOT)/Developer/Library/Frameworks",
					"$(inherited)",
					"$(DEVELOPER_FRAMEWORKS_DIR)",
				);
				GCC_PRECOMPILE_PREFIX_HEADER = YES;
				GCC_PREFIX_HEADER = "Prison Bust/Prison Bust-Prefix.pch";
				INFOPLIST_FILE = "Prison BustTests/Prison BustTests-Info.plist";
				PRODUCT_BUNDLE_IDENTIFIER = "com.bengabay.${PRODUCT_NAME:rfc1034identifier}";
				PRODUCT_NAME = "$(TARGET_NAME)";
				TEST_HOST = "$(BUNDLE_LOADER)";
				WRAPPER_EXTENSION = xctest;
			};
			name = "Ad Hoc";
		};
		463DAC0A1908973200658921 /* Debug */ = {
			isa = XCBuildConfiguration;
			buildSettings = {
				ALWAYS_SEARCH_USER_PATHS = NO;
				CLANG_CXX_LANGUAGE_STANDARD = "gnu++0x";
				CLANG_CXX_LIBRARY = "libc++";
				CLANG_ENABLE_MODULES = YES;
				CLANG_ENABLE_OBJC_ARC = YES;
				CLANG_WARN_BOOL_CONVERSION = YES;
				CLANG_WARN_CONSTANT_CONVERSION = YES;
				CLANG_WARN_DIRECT_OBJC_ISA_USAGE = YES_ERROR;
				CLANG_WARN_EMPTY_BODY = YES;
				CLANG_WARN_ENUM_CONVERSION = YES;
				CLANG_WARN_INFINITE_RECURSION = YES;
				CLANG_WARN_INT_CONVERSION = YES;
				CLANG_WARN_OBJC_ROOT_CLASS = YES_ERROR;
				CLANG_WARN_SUSPICIOUS_MOVE = YES;
				CLANG_WARN_UNREACHABLE_CODE = YES;
				CLANG_WARN__DUPLICATE_METHOD_MATCH = YES;
				"CODE_SIGN_IDENTITY[sdk=iphoneos*]" = "iPhone Developer";
				COPY_PHASE_STRIP = NO;
				ENABLE_STRICT_OBJC_MSGSEND = YES;
				ENABLE_TESTABILITY = YES;
				GCC_C_LANGUAGE_STANDARD = gnu99;
				GCC_DYNAMIC_NO_PIC = NO;
				GCC_NO_COMMON_BLOCKS = YES;
				GCC_OPTIMIZATION_LEVEL = 0;
				GCC_PREPROCESSOR_DEFINITIONS = (
					"DEBUG=1",
					"$(inherited)",
				);
				GCC_SYMBOLS_PRIVATE_EXTERN = NO;
				GCC_WARN_64_TO_32_BIT_CONVERSION = YES;
				GCC_WARN_ABOUT_RETURN_TYPE = YES_ERROR;
				GCC_WARN_UNDECLARED_SELECTOR = YES;
				GCC_WARN_UNINITIALIZED_AUTOS = YES;
				GCC_WARN_UNUSED_FUNCTION = YES;
				GCC_WARN_UNUSED_VARIABLE = YES;
				IPHONEOS_DEPLOYMENT_TARGET = 8.0;
				ONLY_ACTIVE_ARCH = YES;
				SDKROOT = iphoneos;
				SPRITEKIT_TEXTURE_ATLAS_SIZE = 2048x2048;
			};
			name = Debug;
		};
		463DAC0B1908973200658921 /* Release */ = {
			isa = XCBuildConfiguration;
			buildSettings = {
				ALWAYS_SEARCH_USER_PATHS = NO;
				CLANG_CXX_LANGUAGE_STANDARD = "gnu++0x";
				CLANG_CXX_LIBRARY = "libc++";
				CLANG_ENABLE_MODULES = YES;
				CLANG_ENABLE_OBJC_ARC = YES;
				CLANG_WARN_BOOL_CONVERSION = YES;
				CLANG_WARN_CONSTANT_CONVERSION = YES;
				CLANG_WARN_DIRECT_OBJC_ISA_USAGE = YES_ERROR;
				CLANG_WARN_EMPTY_BODY = YES;
				CLANG_WARN_ENUM_CONVERSION = YES;
				CLANG_WARN_INFINITE_RECURSION = YES;
				CLANG_WARN_INT_CONVERSION = YES;
				CLANG_WARN_OBJC_ROOT_CLASS = YES_ERROR;
				CLANG_WARN_SUSPICIOUS_MOVE = YES;
				CLANG_WARN_UNREACHABLE_CODE = YES;
				CLANG_WARN__DUPLICATE_METHOD_MATCH = YES;
				"CODE_SIGN_IDENTITY[sdk=iphoneos*]" = "iPhone Developer";
				COPY_PHASE_STRIP = YES;
				ENABLE_NS_ASSERTIONS = NO;
				ENABLE_STRICT_OBJC_MSGSEND = YES;
				GCC_C_LANGUAGE_STANDARD = gnu99;
				GCC_NO_COMMON_BLOCKS = YES;
				GCC_WARN_64_TO_32_BIT_CONVERSION = YES;
				GCC_WARN_ABOUT_RETURN_TYPE = YES_ERROR;
				GCC_WARN_UNDECLARED_SELECTOR = YES;
				GCC_WARN_UNINITIALIZED_AUTOS = YES;
				GCC_WARN_UNUSED_FUNCTION = YES;
				GCC_WARN_UNUSED_VARIABLE = YES;
				IPHONEOS_DEPLOYMENT_TARGET = 8.0;
				SDKROOT = iphoneos;
				SPRITEKIT_TEXTURE_ATLAS_SIZE = 2048x2048;
				VALIDATE_PRODUCT = YES;
			};
			name = Release;
		};
		463DAC0D1908973200658921 /* Debug */ = {
			isa = XCBuildConfiguration;
			buildSettings = {
				ASSETCATALOG_COMPILER_APPICON_NAME = AppIcon;
				ASSETCATALOG_COMPILER_LAUNCHIMAGE_NAME = LaunchImage;
				CODE_SIGN_IDENTITY = "iPhone Developer";
				"CODE_SIGN_IDENTITY[sdk=iphoneos*]" = "iPhone Developer";
				DEVELOPMENT_TEAM = JQNK74493B;
				GCC_PRECOMPILE_PREFIX_HEADER = YES;
				GCC_PREFIX_HEADER = "Prison Bust/Prison Bust-Prefix.pch";
				INFOPLIST_FILE = "Prison Bust/Prison Bust-Info.plist";
				IPHONEOS_DEPLOYMENT_TARGET = 8.0;
				PRODUCT_BUNDLE_IDENTIFIER = com.twokingstudio.antfrenzy;
				PRODUCT_NAME = "$(TARGET_NAME)";
				PROVISIONING_PROFILE = "";
				SPRITEKIT_TEXTURE_ATLAS_FORMAT = RGBA4444_COMPRESSED;
				SPRITEKIT_TEXTURE_ATLAS_OUTPUT = YES;
				SPRITEKIT_TEXTURE_ATLAS_SIZE = 2048x2048;
				WRAPPER_EXTENSION = app;
			};
			name = Debug;
		};
		463DAC0E1908973200658921 /* Release */ = {
			isa = XCBuildConfiguration;
			buildSettings = {
				ASSETCATALOG_COMPILER_APPICON_NAME = AppIcon;
				ASSETCATALOG_COMPILER_LAUNCHIMAGE_NAME = LaunchImage;
				CODE_SIGN_IDENTITY = "iPhone Developer";
				"CODE_SIGN_IDENTITY[sdk=iphoneos*]" = "iPhone Developer";
				DEVELOPMENT_TEAM = JQNK74493B;
				GCC_PRECOMPILE_PREFIX_HEADER = YES;
				GCC_PREFIX_HEADER = "Prison Bust/Prison Bust-Prefix.pch";
				INFOPLIST_FILE = "Prison Bust/Prison Bust-Info.plist";
				IPHONEOS_DEPLOYMENT_TARGET = 8.0;
				PRODUCT_BUNDLE_IDENTIFIER = com.twokingstudio.antfrenzy;
				PRODUCT_NAME = "$(TARGET_NAME)";
				PROVISIONING_PROFILE = "";
				SPRITEKIT_TEXTURE_ATLAS_FORMAT = RGBA4444_COMPRESSED;
				SPRITEKIT_TEXTURE_ATLAS_OUTPUT = YES;
				SPRITEKIT_TEXTURE_ATLAS_SIZE = 2048x2048;
				WRAPPER_EXTENSION = app;
			};
			name = Release;
		};
		463DAC101908973200658921 /* Debug */ = {
			isa = XCBuildConfiguration;
			buildSettings = {
				BUNDLE_LOADER = "$(BUILT_PRODUCTS_DIR)/Prison Bust.app/Prison Bust";
				FRAMEWORK_SEARCH_PATHS = (
					"$(SDKROOT)/Developer/Library/Frameworks",
					"$(inherited)",
					"$(DEVELOPER_FRAMEWORKS_DIR)",
				);
				GCC_PRECOMPILE_PREFIX_HEADER = YES;
				GCC_PREFIX_HEADER = "Prison Bust/Prison Bust-Prefix.pch";
				GCC_PREPROCESSOR_DEFINITIONS = (
					"DEBUG=1",
					"$(inherited)",
				);
				INFOPLIST_FILE = "Prison BustTests/Prison BustTests-Info.plist";
				PRODUCT_BUNDLE_IDENTIFIER = "com.bengabay.${PRODUCT_NAME:rfc1034identifier}";
				PRODUCT_NAME = "$(TARGET_NAME)";
				TEST_HOST = "$(BUNDLE_LOADER)";
				WRAPPER_EXTENSION = xctest;
			};
			name = Debug;
		};
		463DAC111908973200658921 /* Release */ = {
			isa = XCBuildConfiguration;
			buildSettings = {
				BUNDLE_LOADER = "$(BUILT_PRODUCTS_DIR)/Prison Bust.app/Prison Bust";
				FRAMEWORK_SEARCH_PATHS = (
					"$(SDKROOT)/Developer/Library/Frameworks",
					"$(inherited)",
					"$(DEVELOPER_FRAMEWORKS_DIR)",
				);
				GCC_PRECOMPILE_PREFIX_HEADER = YES;
				GCC_PREFIX_HEADER = "Prison Bust/Prison Bust-Prefix.pch";
				INFOPLIST_FILE = "Prison BustTests/Prison BustTests-Info.plist";
				PRODUCT_BUNDLE_IDENTIFIER = "com.bengabay.${PRODUCT_NAME:rfc1034identifier}";
				PRODUCT_NAME = "$(TARGET_NAME)";
				TEST_HOST = "$(BUNDLE_LOADER)";
				WRAPPER_EXTENSION = xctest;
			};
			name = Release;
		};
/* End XCBuildConfiguration section */

/* Begin XCConfigurationList section */
		463DABCE1908973200658921 /* Build configuration list for PBXProject "Prison Bust" */ = {
			isa = XCConfigurationList;
			buildConfigurations = (
				463DAC0A1908973200658921 /* Debug */,
				463DAC0B1908973200658921 /* Release */,
				460BB27219515DC900969A85 /* Ad Hoc */,
			);
			defaultConfigurationIsVisible = 0;
			defaultConfigurationName = Release;
		};
		463DAC0C1908973200658921 /* Build configuration list for PBXNativeTarget "Prison Bust" */ = {
			isa = XCConfigurationList;
			buildConfigurations = (
				463DAC0D1908973200658921 /* Debug */,
				463DAC0E1908973200658921 /* Release */,
				460BB27319515DC900969A85 /* Ad Hoc */,
			);
			defaultConfigurationIsVisible = 0;
			defaultConfigurationName = Release;
		};
		463DAC0F1908973200658921 /* Build configuration list for PBXNativeTarget "Prison BustTests" */ = {
			isa = XCConfigurationList;
			buildConfigurations = (
				463DAC101908973200658921 /* Debug */,
				463DAC111908973200658921 /* Release */,
				460BB27419515DC900969A85 /* Ad Hoc */,
			);
			defaultConfigurationIsVisible = 0;
			defaultConfigurationName = Release;
		};
/* End XCConfigurationList section */
	};
	rootObject = 463DABCB1908973200658921 /* Project object */;
}
